
Microsoft Visual Studio Solution File, Format Version 12.00
# Visual Studio 15
VisualStudioVersion = 15.0.28307.168
MinimumVisualStudioVersion = 10.0.40219.1
Project("{FAE04EC0-301F-11D3-BF4B-00C04F79EFBC}") = "Alan.Test.Web.Model", "Alan.Test.Web.Model\Alan.Test.Web.Model.csproj", "{99E07461-322D-4678-A5B6-0AB44301466F}"
EndProject
Project("{FAE04EC0-301F-11D3-BF4B-00C04F79EFBC}") = "Alan.Test.Web.DAL", "Alan.Test.Web.DAL\Alan.Test.Web.DAL.csproj", "{4831A6DC-B2E3-434E-BEA6-773BE58A7BDF}"
EndProject
Project("{FAE04EC0-301F-11D3-BF4B-00C04F79EFBC}") = "Alan.Test.Web.BLL", "Alan.Test.Web.BLL\Alan.Test.Web.BLL.csproj", "{26F47C8D-8FA1-4159-B7BC-1E8CFE48825A}"
EndProject
Project("{FAE04EC0-301F-11D3-BF4B-00C04F79EFBC}") = "Alan.Test.Web.Common", "Alan.Test.Web.Common\Alan.Test.Web.Common.csproj", "{76B799EF-D7E8-4CC8-8529-159DC4D9C6BF}"
EndProject
Project("{FAE04EC0-301F-11D3-BF4B-00C04F79EFBC}") = "Alan.Test.WebApp", "Alan.Test.WebApp\Alan.Test.WebApp.csproj", "{053CACB1-FBA3-42EF-9910-6710EFD5A722}"
EndProject
Project("{FAE04EC0-301F-11D3-BF4B-00C04F79EFBC}") = "TicketProject", "TicketProject\TicketProject.csproj", "{54A2AA44-AEF2-48B8-A304-9C322D8FD94B}"
EndProject
Project("{2150E333-8FDC-42A3-9474-1A3956D46DE8}") = "Winform", "Winform", "{0341BB7B-3D30-40B1-869C-B0AA216E286B}"
EndProject
Project("{FAE04EC0-301F-11D3-BF4B-00C04F79EFBC}") = "Test", "Test\Test.csproj", "{4C77BBFE-A093-4BBC-8445-98B6B31A07FE}"
EndProject
Project("{2150E333-8FDC-42A3-9474-1A3956D46DE8}") = "WebAPI", "WebAPI", "{492565AF-C0B1-4A48-99A7-59AF45A9CFF0}"
EndProject
Project("{FAE04EC0-301F-11D3-BF4B-00C04F79EFBC}") = "Alan.Test.WebAPI", "Alan.Test.WebAPI\Alan.Test.WebAPI.csproj", "{E016B608-04E8-47AC-842D-ED72E21F22A0}"
EndProject
Project("{FAE04EC0-301F-11D3-BF4B-00C04F79EFBC}") = "SocketServer", "SocketServer\SocketServer.csproj", "{6E19AD4F-0B5D-440C-BC64-3C79C3826FD3}"
EndProject
Project("{FAE04EC0-301F-11D3-BF4B-00C04F79EFBC}") = "TimerTest", "TimerTest\TimerTest.csproj", "{82D7A600-31F6-4B8D-BA2B-202FABBDF625}"
EndProject
Project("{FAE04EC0-301F-11D3-BF4B-00C04F79EFBC}") = "ConsoleApp1", "ConsoleApp1\ConsoleApp1.csproj", "{4DA1D81C-6CC6-45AE-9D6A-FAE3D57C8BC3}"
EndProject
Project("{FAE04EC0-301F-11D3-BF4B-00C04F79EFBC}") = "DelegateTest", "DelegateTest\DelegateTest.csproj", "{ECD4EE64-3B23-4921-8D11-44FFEB410068}"
EndProject
Global
	GlobalSection(SolutionConfigurationPlatforms) = preSolution
		Debug|Any CPU = Debug|Any CPU
		Release|Any CPU = Release|Any CPU
	EndGlobalSection
	GlobalSection(ProjectConfigurationPlatforms) = postSolution
		{99E07461-322D-4678-A5B6-0AB44301466F}.Debug|Any CPU.ActiveCfg = Debug|Any CPU
		{99E07461-322D-4678-A5B6-0AB44301466F}.Debug|Any CPU.Build.0 = Debug|Any CPU
		{99E07461-322D-4678-A5B6-0AB44301466F}.Release|Any CPU.ActiveCfg = Release|Any CPU
		{99E07461-322D-4678-A5B6-0AB44301466F}.Release|Any CPU.Build.0 = Release|Any CPU
		{4831A6DC-B2E3-434E-BEA6-773BE58A7BDF}.Debug|Any CPU.ActiveCfg = Debug|Any CPU
		{4831A6DC-B2E3-434E-BEA6-773BE58A7BDF}.Debug|Any CPU.Build.0 = Debug|Any CPU
		{4831A6DC-B2E3-434E-BEA6-773BE58A7BDF}.Release|Any CPU.ActiveCfg = Release|Any CPU
		{4831A6DC-B2E3-434E-BEA6-773BE58A7BDF}.Release|Any CPU.Build.0 = Release|Any CPU
		{26F47C8D-8FA1-4159-B7BC-1E8CFE48825A}.Debug|Any CPU.ActiveCfg = Debug|Any CPU
		{26F47C8D-8FA1-4159-B7BC-1E8CFE48825A}.Debug|Any CPU.Build.0 = Debug|Any CPU
		{26F47C8D-8FA1-4159-B7BC-1E8CFE48825A}.Release|Any CPU.ActiveCfg = Release|Any CPU
		{26F47C8D-8FA1-4159-B7BC-1E8CFE48825A}.Release|Any CPU.Build.0 = Release|Any CPU
		{76B799EF-D7E8-4CC8-8529-159DC4D9C6BF}.Debug|Any CPU.ActiveCfg = Debug|Any CPU
		{76B799EF-D7E8-4CC8-8529-159DC4D9C6BF}.Debug|Any CPU.Build.0 = Debug|Any CPU
		{76B799EF-D7E8-4CC8-8529-159DC4D9C6BF}.Release|Any CPU.ActiveCfg = Release|Any CPU
		{76B799EF-D7E8-4CC8-8529-159DC4D9C6BF}.Release|Any CPU.Build.0 = Release|Any CPU
		{053CACB1-FBA3-42EF-9910-6710EFD5A722}.Debug|Any CPU.ActiveCfg = Debug|Any CPU
		{053CACB1-FBA3-42EF-9910-6710EFD5A722}.Debug|Any CPU.Build.0 = Debug|Any CPU
		{053CACB1-FBA3-42EF-9910-6710EFD5A722}.Release|Any CPU.ActiveCfg = Release|Any CPU
		{053CACB1-FBA3-42EF-9910-6710EFD5A722}.Release|Any CPU.Build.0 = Release|Any CPU
		{54A2AA44-AEF2-48B8-A304-9C322D8FD94B}.Debug|Any CPU.ActiveCfg = Debug|Any CPU
		{54A2AA44-AEF2-48B8-A304-9C322D8FD94B}.Debug|Any CPU.Build.0 = Debug|Any CPU
		{54A2AA44-AEF2-48B8-A304-9C322D8FD94B}.Release|Any CPU.ActiveCfg = Release|Any CPU
		{54A2AA44-AEF2-48B8-A304-9C322D8FD94B}.Release|Any CPU.Build.0 = Release|Any CPU
		{4C77BBFE-A093-4BBC-8445-98B6B31A07FE}.Debug|Any CPU.ActiveCfg = Debug|Any CPU
		{4C77BBFE-A093-4BBC-8445-98B6B31A07FE}.Debug|Any CPU.Build.0 = Debug|Any CPU
		{4C77BBFE-A093-4BBC-8445-98B6B31A07FE}.Release|Any CPU.ActiveCfg = Release|Any CPU
		{4C77BBFE-A093-4BBC-8445-98B6B31A07FE}.Release|Any CPU.Build.0 = Release|Any CPU
		{E016B608-04E8-47AC-842D-ED72E21F22A0}.Debug|Any CPU.ActiveCfg = Debug|Any CPU
		{E016B608-04E8-47AC-842D-ED72E21F22A0}.Debug|Any CPU.Build.0 = Debug|Any CPU
		{E016B608-04E8-47AC-842D-ED72E21F22A0}.Release|Any CPU.ActiveCfg = Release|Any CPU
		{E016B608-04E8-47AC-842D-ED72E21F22A0}.Release|Any CPU.Build.0 = Release|Any CPU
		{6E19AD4F-0B5D-440C-BC64-3C79C3826FD3}.Debug|Any CPU.ActiveCfg = Debug|Any CPU
		{6E19AD4F-0B5D-440C-BC64-3C79C3826FD3}.Debug|Any CPU.Build.0 = Debug|Any CPU
		{6E19AD4F-0B5D-440C-BC64-3C79C3826FD3}.Release|Any CPU.ActiveCfg = Release|Any CPU
		{6E19AD4F-0B5D-440C-BC64-3C79C3826FD3}.Release|Any CPU.Build.0 = Release|Any CPU
		{82D7A600-31F6-4B8D-BA2B-202FABBDF625}.Debug|Any CPU.ActiveCfg = Debug|Any CPU
		{82D7A600-31F6-4B8D-BA2B-202FABBDF625}.Debug|Any CPU.Build.0 = Debug|Any CPU
		{82D7A600-31F6-4B8D-BA2B-202FABBDF625}.Release|Any CPU.ActiveCfg = Release|Any CPU
		{82D7A600-31F6-4B8D-BA2B-202FABBDF625}.Release|Any CPU.Build.0 = Release|Any CPU
		{4DA1D81C-6CC6-45AE-9D6A-FAE3D57C8BC3}.Debug|Any CPU.ActiveCfg = Debug|Any CPU
		{4DA1D81C-6CC6-45AE-9D6A-FAE3D57C8BC3}.Debug|Any CPU.Build.0 = Debug|Any CPU
		{4DA1D81C-6CC6-45AE-9D6A-FAE3D57C8BC3}.Release|Any CPU.ActiveCfg = Release|Any CPU
		{4DA1D81C-6CC6-45AE-9D6A-FAE3D57C8BC3}.Release|Any CPU.Build.0 = Release|Any CPU
		{ECD4EE64-3B23-4921-8D11-44FFEB410068}.Debug|Any CPU.ActiveCfg = Debug|Any CPU
		{ECD4EE64-3B23-4921-8D11-44FFEB410068}.Debug|Any CPU.Build.0 = Debug|Any CPU
		{ECD4EE64-3B23-4921-8D11-44FFEB410068}.Release|Any CPU.ActiveCfg = Release|Any CPU
		{ECD4EE64-3B23-4921-8D11-44FFEB410068}.Release|Any CPU.Build.0 = Release|Any CPU
	EndGlobalSection
	GlobalSection(SolutionProperties) = preSolution
		HideSolutionNode = FALSE
	EndGlobalSection
	GlobalSection(NestedProjects) = preSolution
		{54A2AA44-AEF2-48B8-A304-9C322D8FD94B} = {0341BB7B-3D30-40B1-869C-B0AA216E286B}
		{E016B608-04E8-47AC-842D-ED72E21F22A0} = {492565AF-C0B1-4A48-99A7-59AF45A9CFF0}
		{6E19AD4F-0B5D-440C-BC64-3C79C3826FD3} = {0341BB7B-3D30-40B1-869C-B0AA216E286B}
		{82D7A600-31F6-4B8D-BA2B-202FABBDF625} = {0341BB7B-3D30-40B1-869C-B0AA216E286B}
		{4DA1D81C-6CC6-45AE-9D6A-FAE3D57C8BC3} = {0341BB7B-3D30-40B1-869C-B0AA216E286B}
		{ECD4EE64-3B23-4921-8D11-44FFEB410068} = {0341BB7B-3D30-40B1-869C-B0AA216E286B}
	EndGlobalSection
	GlobalSection(ExtensibilityGlobals) = postSolution
		SolutionGuid = {2FA5CD90-0D1D-4538-A477-3F7C74526191}
	EndGlobalSection
EndGlobal
